
Microsoft Visual Studio Solution File, Format Version 12.00
# Visual Studio Version 17
VisualStudioVersion = 17.0.32014.148
MinimumVisualStudioVersion = 10.0.40219.1
Project("{9A19103F-16F7-4668-BE54-9A1E7A4F7556}") = "WEB API", "WEB API\WEB API.csproj", "{920AA291-E297-44C0-8C9D-024FA3AC3803}"
EndProject
Project("{FAE04EC0-301F-11D3-BF4B-00C04F79EFBC}") = "BusinessLayer", "BusinessLayer\BusinessLayer.csproj", "{FA39C0C8-FACC-411A-8E7E-20C1F1ADFCB4}"
EndProject
Global
	GlobalSection(SolutionConfigurationPlatforms) = preSolution
		Debug|Any CPU = Debug|Any CPU
		Release|Any CPU = Release|Any CPU
	EndGlobalSection
	GlobalSection(ProjectConfigurationPlatforms) = postSolution
		{920AA291-E297-44C0-8C9D-024FA3AC3803}.Debug|Any CPU.ActiveCfg = Debug|Any CPU
		{920AA291-E297-44C0-8C9D-024FA3AC3803}.Debug|Any CPU.Build.0 = Debug|Any CPU
		{920AA291-E297-44C0-8C9D-024FA3AC3803}.Release|Any CPU.ActiveCfg = Release|Any CPU
		{920AA291-E297-44C0-8C9D-024FA3AC3803}.Release|Any CPU.Build.0 = Release|Any CPU
		{FA39C0C8-FACC-411A-8E7E-20C1F1ADFCB4}.Debug|Any CPU.ActiveCfg = Debug|Any CPU
		{FA39C0C8-FACC-411A-8E7E-20C1F1ADFCB4}.Debug|Any CPU.Build.0 = Debug|Any CPU
		{FA39C0C8-FACC-411A-8E7E-20C1F1ADFCB4}.Release|Any CPU.ActiveCfg = Release|Any CPU
		{FA39C0C8-FACC-411A-8E7E-20C1F1ADFCB4}.Release|Any CPU.Build.0 = Release|Any CPU
	EndGlobalSection
	GlobalSection(SolutionProperties) = preSolution
		HideSolutionNode = FALSE
	EndGlobalSection
	GlobalSection(ExtensibilityGlobals) = postSolution
		SolutionGuid = {75DB59B2-D6F4-4C52-AB94-51ADA8011776}
	EndGlobalSection
EndGlobal
